
Microsoft Visual Studio Solution File, Format Version 12.00
# Visual Studio Version 17
VisualStudioVersion = 17.13.35931.197
MinimumVisualStudioVersion = 10.0.40219.1
Project("{2150E333-8FDC-42A3-9474-1A3956D46DE8}") = "src", "src", "{02EA681E-C7D8-13C7-8484-4AC65E1B71E8}"
EndProject
Project("{2150E333-8FDC-42A3-9474-1A3956D46DE8}") = "tests", "tests", "{686675E1-F5F5-42AF-BEDB-6E4B6B2CF996}"
EndProject
Project("{2150E333-8FDC-42A3-9474-1A3956D46DE8}") = "Core", "Core", "{111D7B2A-5C3E-4FB6-8565-FC77A1E0E670}"
EndProject
Project("{2150E333-8FDC-42A3-9474-1A3956D46DE8}") = "API", "API", "{70F0117C-2ABC-4FC8-B4BB-6A6B0E4364DC}"
EndProject
Project("{2150E333-8FDC-42A3-9474-1A3956D46DE8}") = "Infrastructure", "Infrastructure", "{2493EF28-3988-4AB3-ABB6-DA5AC6DEEB38}"
EndProject
Project("{2150E333-8FDC-42A3-9474-1A3956D46DE8}") = "UI", "UI", "{25C1D91F-B92E-4CEF-9690-D8423BD0006E}"
EndProject
Project("{FAE04EC0-301F-11D3-BF4B-00C04F79EFBC}") = "MyShop.API", "MyShop.API\MyShop.API.csproj", "{CE93E4B2-3AE9-45A6-8975-0E4DB43E6D16}"
EndProject
Project("{FAE04EC0-301F-11D3-BF4B-00C04F79EFBC}") = "MyShop.Domain", "MyShop.Domain\MyShop.Domain.csproj", "{25B55730-3AC1-4DA6-BB39-0AC56172920B}"
EndProject
Project("{FAE04EC0-301F-11D3-BF4B-00C04F79EFBC}") = "MyShop.Application", "MyShop.Application\MyShop.Application.csproj", "{9103738C-AE31-48EC-A550-619EBAA2A5CA}"
EndProject
Project("{FAE04EC0-301F-11D3-BF4B-00C04F79EFBC}") = "MyShop.Contracts", "MyShop.Contracts\MyShop.Contracts.csproj", "{1EDB97A6-9F05-4565-B0D3-DFCFBB367863}"
EndProject
Project("{FAE04EC0-301F-11D3-BF4B-00C04F79EFBC}") = "MyShop.ExternalServices", "MyShop.ExternalServices\MyShop.ExternalServices.csproj", "{0DF378F9-9609-4DBA-A9BE-FB445A2C2642}"
EndProject
Project("{FAE04EC0-301F-11D3-BF4B-00C04F79EFBC}") = "MyShop.Identity", "MyShop.Identity\MyShop.Identity.csproj", "{E37479C6-FB93-4BF5-82A2-586B131B1A92}"
EndProject
Project("{FAE04EC0-301F-11D3-BF4B-00C04F79EFBC}") = "MyShop.Persistence", "MyShop.Persistence\MyShop.Persistence.csproj", "{9E11F318-0438-49F2-8EC9-882C6F22A7D6}"
EndProject
Project("{FAE04EC0-301F-11D3-BF4B-00C04F79EFBC}") = "MyShop.Client.MVC", "MyShop.Client.MVC\MyShop.Client.MVC.csproj", "{4DBF0D89-167D-4E28-A355-B2887C9B082A}"
EndProject
Project("{FAE04EC0-301F-11D3-BF4B-00C04F79EFBC}") = "MyShop.xUnitTest.Domain", "MyShop.xUnitTest.Domain\MyShop.xUnitTest.Domain.csproj", "{682E8E79-8AD5-4B94-A7B4-D816C93D9AC3}"
EndProject
Project("{FAE04EC0-301F-11D3-BF4B-00C04F79EFBC}") = "MyShop.xUnitTest.Application", "MyShop.xUnitTest.Application\MyShop.xUnitTest.Application.csproj", "{8F74F58F-C228-4941-BE70-C7C3D79DBAFF}"
EndProject
Global
	GlobalSection(SolutionConfigurationPlatforms) = preSolution
		Debug|Any CPU = Debug|Any CPU
		Release|Any CPU = Release|Any CPU
	EndGlobalSection
	GlobalSection(ProjectConfigurationPlatforms) = postSolution
		{CE93E4B2-3AE9-45A6-8975-0E4DB43E6D16}.Debug|Any CPU.ActiveCfg = Debug|Any CPU
		{CE93E4B2-3AE9-45A6-8975-0E4DB43E6D16}.Debug|Any CPU.Build.0 = Debug|Any CPU
		{CE93E4B2-3AE9-45A6-8975-0E4DB43E6D16}.Release|Any CPU.ActiveCfg = Release|Any CPU
		{CE93E4B2-3AE9-45A6-8975-0E4DB43E6D16}.Release|Any CPU.Build.0 = Release|Any CPU
		{25B55730-3AC1-4DA6-BB39-0AC56172920B}.Debug|Any CPU.ActiveCfg = Debug|Any CPU
		{25B55730-3AC1-4DA6-BB39-0AC56172920B}.Debug|Any CPU.Build.0 = Debug|Any CPU
		{25B55730-3AC1-4DA6-BB39-0AC56172920B}.Release|Any CPU.ActiveCfg = Release|Any CPU
		{25B55730-3AC1-4DA6-BB39-0AC56172920B}.Release|Any CPU.Build.0 = Release|Any CPU
		{9103738C-AE31-48EC-A550-619EBAA2A5CA}.Debug|Any CPU.ActiveCfg = Debug|Any CPU
		{9103738C-AE31-48EC-A550-619EBAA2A5CA}.Debug|Any CPU.Build.0 = Debug|Any CPU
		{9103738C-AE31-48EC-A550-619EBAA2A5CA}.Release|Any CPU.ActiveCfg = Release|Any CPU
		{9103738C-AE31-48EC-A550-619EBAA2A5CA}.Release|Any CPU.Build.0 = Release|Any CPU
		{1EDB97A6-9F05-4565-B0D3-DFCFBB367863}.Debug|Any CPU.ActiveCfg = Debug|Any CPU
		{1EDB97A6-9F05-4565-B0D3-DFCFBB367863}.Debug|Any CPU.Build.0 = Debug|Any CPU
		{1EDB97A6-9F05-4565-B0D3-DFCFBB367863}.Release|Any CPU.ActiveCfg = Release|Any CPU
		{1EDB97A6-9F05-4565-B0D3-DFCFBB367863}.Release|Any CPU.Build.0 = Release|Any CPU
		{0DF378F9-9609-4DBA-A9BE-FB445A2C2642}.Debug|Any CPU.ActiveCfg = Debug|Any CPU
		{0DF378F9-9609-4DBA-A9BE-FB445A2C2642}.Debug|Any CPU.Build.0 = Debug|Any CPU
		{0DF378F9-9609-4DBA-A9BE-FB445A2C2642}.Release|Any CPU.ActiveCfg = Release|Any CPU
		{0DF378F9-9609-4DBA-A9BE-FB445A2C2642}.Release|Any CPU.Build.0 = Release|Any CPU
		{E37479C6-FB93-4BF5-82A2-586B131B1A92}.Debug|Any CPU.ActiveCfg = Debug|Any CPU
		{E37479C6-FB93-4BF5-82A2-586B131B1A92}.Debug|Any CPU.Build.0 = Debug|Any CPU
		{E37479C6-FB93-4BF5-82A2-586B131B1A92}.Release|Any CPU.ActiveCfg = Release|Any CPU
		{E37479C6-FB93-4BF5-82A2-586B131B1A92}.Release|Any CPU.Build.0 = Release|Any CPU
		{9E11F318-0438-49F2-8EC9-882C6F22A7D6}.Debug|Any CPU.ActiveCfg = Debug|Any CPU
		{9E11F318-0438-49F2-8EC9-882C6F22A7D6}.Debug|Any CPU.Build.0 = Debug|Any CPU
		{9E11F318-0438-49F2-8EC9-882C6F22A7D6}.Release|Any CPU.ActiveCfg = Release|Any CPU
		{9E11F318-0438-49F2-8EC9-882C6F22A7D6}.Release|Any CPU.Build.0 = Release|Any CPU
		{4DBF0D89-167D-4E28-A355-B2887C9B082A}.Debug|Any CPU.ActiveCfg = Debug|Any CPU
		{4DBF0D89-167D-4E28-A355-B2887C9B082A}.Debug|Any CPU.Build.0 = Debug|Any CPU
		{4DBF0D89-167D-4E28-A355-B2887C9B082A}.Release|Any CPU.ActiveCfg = Release|Any CPU
		{4DBF0D89-167D-4E28-A355-B2887C9B082A}.Release|Any CPU.Build.0 = Release|Any CPU
		{682E8E79-8AD5-4B94-A7B4-D816C93D9AC3}.Debug|Any CPU.ActiveCfg = Debug|Any CPU
		{682E8E79-8AD5-4B94-A7B4-D816C93D9AC3}.Debug|Any CPU.Build.0 = Debug|Any CPU
		{682E8E79-8AD5-4B94-A7B4-D816C93D9AC3}.Release|Any CPU.ActiveCfg = Release|Any CPU
		{682E8E79-8AD5-4B94-A7B4-D816C93D9AC3}.Release|Any CPU.Build.0 = Release|Any CPU
		{8F74F58F-C228-4941-BE70-C7C3D79DBAFF}.Debug|Any CPU.ActiveCfg = Debug|Any CPU
		{8F74F58F-C228-4941-BE70-C7C3D79DBAFF}.Debug|Any CPU.Build.0 = Debug|Any CPU
		{8F74F58F-C228-4941-BE70-C7C3D79DBAFF}.Release|Any CPU.ActiveCfg = Release|Any CPU
		{8F74F58F-C228-4941-BE70-C7C3D79DBAFF}.Release|Any CPU.Build.0 = Release|Any CPU
	EndGlobalSection
	GlobalSection(SolutionProperties) = preSolution
		HideSolutionNode = FALSE
	EndGlobalSection
	GlobalSection(NestedProjects) = preSolution
		{111D7B2A-5C3E-4FB6-8565-FC77A1E0E670} = {02EA681E-C7D8-13C7-8484-4AC65E1B71E8}
		{70F0117C-2ABC-4FC8-B4BB-6A6B0E4364DC} = {02EA681E-C7D8-13C7-8484-4AC65E1B71E8}
		{2493EF28-3988-4AB3-ABB6-DA5AC6DEEB38} = {02EA681E-C7D8-13C7-8484-4AC65E1B71E8}
		{25C1D91F-B92E-4CEF-9690-D8423BD0006E} = {02EA681E-C7D8-13C7-8484-4AC65E1B71E8}
		{CE93E4B2-3AE9-45A6-8975-0E4DB43E6D16} = {70F0117C-2ABC-4FC8-B4BB-6A6B0E4364DC}
		{25B55730-3AC1-4DA6-BB39-0AC56172920B} = {111D7B2A-5C3E-4FB6-8565-FC77A1E0E670}
		{9103738C-AE31-48EC-A550-619EBAA2A5CA} = {111D7B2A-5C3E-4FB6-8565-FC77A1E0E670}
		{1EDB97A6-9F05-4565-B0D3-DFCFBB367863} = {111D7B2A-5C3E-4FB6-8565-FC77A1E0E670}
		{0DF378F9-9609-4DBA-A9BE-FB445A2C2642} = {2493EF28-3988-4AB3-ABB6-DA5AC6DEEB38}
		{E37479C6-FB93-4BF5-82A2-586B131B1A92} = {2493EF28-3988-4AB3-ABB6-DA5AC6DEEB38}
		{9E11F318-0438-49F2-8EC9-882C6F22A7D6} = {2493EF28-3988-4AB3-ABB6-DA5AC6DEEB38}
		{4DBF0D89-167D-4E28-A355-B2887C9B082A} = {25C1D91F-B92E-4CEF-9690-D8423BD0006E}
		{682E8E79-8AD5-4B94-A7B4-D816C93D9AC3} = {686675E1-F5F5-42AF-BEDB-6E4B6B2CF996}
		{8F74F58F-C228-4941-BE70-C7C3D79DBAFF} = {686675E1-F5F5-42AF-BEDB-6E4B6B2CF996}
	EndGlobalSection
	GlobalSection(ExtensibilityGlobals) = postSolution
		SolutionGuid = {CBAE5E36-A858-4946-8BF1-72CBA47D2199}
	EndGlobalSection
EndGlobal
